// !$*UTF8*$!
{
	archiveVersion = 1;
	classes = {
	};
	objectVersion = 56;
	objects = {

/* Begin PBXBuildFile section */
		61F9778E2B1C7F70002B0745 /* WeatherAppNewApp.swift in Sources */ = {isa = PBXBuildFile; fileRef = 61F9778D2B1C7F70002B0745 /* WeatherAppNewApp.swift */; };
		61F977902B1C7F70002B0745 /* ContentView.swift in Sources */ = {isa = PBXBuildFile; fileRef = 61F9778F2B1C7F70002B0745 /* ContentView.swift */; };
		61F977922B1C7F73002B0745 /* Assets.xcassets in Resources */ = {isa = PBXBuildFile; fileRef = 61F977912B1C7F73002B0745 /* Assets.xcassets */; };
		61F977952B1C7F73002B0745 /* Preview Assets.xcassets in Resources */ = {isa = PBXBuildFile; fileRef = 61F977942B1C7F73002B0745 /* Preview Assets.xcassets */; };
		61F9779A2B1C7F73002B0745 /* WeatherAppNew.xcdatamodeld in Sources */ = {isa = PBXBuildFile; fileRef = 61F977982B1C7F73002B0745 /* WeatherAppNew.xcdatamodeld */; };
		61F977A12B1C7FD8002B0745 /* ViewModelWeatherApp.swift in Sources */ = {isa = PBXBuildFile; fileRef = 61F977A02B1C7FD8002B0745 /* ViewModelWeatherApp.swift */; };
		61F977A42B1C803D002B0745 /* Model_WeatherApp.swift in Sources */ = {isa = PBXBuildFile; fileRef = 61F977A32B1C803D002B0745 /* Model_WeatherApp.swift */; };
		61F977A72B1C8450002B0745 /* WeatherView.swift in Sources */ = {isa = PBXBuildFile; fileRef = 61F977A62B1C8450002B0745 /* WeatherView.swift */; };
		61F977A92B1C8507002B0745 /* LocationStackView.swift in Sources */ = {isa = PBXBuildFile; fileRef = 61F977A82B1C8507002B0745 /* LocationStackView.swift */; };
/* End PBXBuildFile section */

/* Begin PBXFileReference section */
		61F9778A2B1C7F70002B0745 /* WeatherAppNew.app */ = {isa = PBXFileReference; explicitFileType = wrapper.application; includeInIndex = 0; path = WeatherAppNew.app; sourceTree = BUILT_PRODUCTS_DIR; };
		61F9778D2B1C7F70002B0745 /* WeatherAppNewApp.swift */ = {isa = PBXFileReference; lastKnownFileType = sourcecode.swift; path = WeatherAppNewApp.swift; sourceTree = "<group>"; };
		61F9778F2B1C7F70002B0745 /* ContentView.swift */ = {isa = PBXFileReference; lastKnownFileType = sourcecode.swift; path = ContentView.swift; sourceTree = "<group>"; };
		61F977912B1C7F73002B0745 /* Assets.xcassets */ = {isa = PBXFileReference; lastKnownFileType = folder.assetcatalog; path = Assets.xcassets; sourceTree = "<group>"; };
		61F977942B1C7F73002B0745 /* Preview Assets.xcassets */ = {isa = PBXFileReference; lastKnownFileType = folder.assetcatalog; path = "Preview Assets.xcassets"; sourceTree = "<group>"; };
		61F977992B1C7F73002B0745 /* WeatherAppNew.xcdatamodel */ = {isa = PBXFileReference; lastKnownFileType = wrapper.xcdatamodel; path = WeatherAppNew.xcdatamodel; sourceTree = "<group>"; };
		61F977A02B1C7FD8002B0745 /* ViewModelWeatherApp.swift */ = {isa = PBXFileReference; lastKnownFileType = sourcecode.swift; path = ViewModelWeatherApp.swift; sourceTree = "<group>"; };
		61F977A32B1C803D002B0745 /* Model_WeatherApp.swift */ = {isa = PBXFileReference; lastKnownFileType = sourcecode.swift; path = Model_WeatherApp.swift; sourceTree = "<group>"; };
		61F977A62B1C8450002B0745 /* WeatherView.swift */ = {isa = PBXFileReference; lastKnownFileType = sourcecode.swift; path = WeatherView.swift; sourceTree = "<group>"; };
		61F977A82B1C8507002B0745 /* LocationStackView.swift */ = {isa = PBXFileReference; lastKnownFileType = sourcecode.swift; path = LocationStackView.swift; sourceTree = "<group>"; };
/* End PBXFileReference section */

/* Begin PBXFrameworksBuildPhase section */
		61F977872B1C7F70002B0745 /* Frameworks */ = {
			isa = PBXFrameworksBuildPhase;
			buildActionMask = 2147483647;
			files = (
			);
			runOnlyForDeploymentPostprocessing = 0;
		};
/* End PBXFrameworksBuildPhase section */

/* Begin PBXGroup section */
		61F977812B1C7F70002B0745 = {
			isa = PBXGroup;
			children = (
				61F9778C2B1C7F70002B0745 /* WeatherAppNew */,
				61F9778B2B1C7F70002B0745 /* Products */,
			);
			sourceTree = "<group>";
		};
		61F9778B2B1C7F70002B0745 /* Products */ = {
			isa = PBXGroup;
			children = (
				61F9778A2B1C7F70002B0745 /* WeatherAppNew.app */,
			);
			name = Products;
			sourceTree = "<group>";
		};
		61F9778C2B1C7F70002B0745 /* WeatherAppNew */ = {
			isa = PBXGroup;
			children = (
				61F977A52B1C8424002B0745 /* View */,
				61F977A22B1C800E002B0745 /* model */,
				61F9778D2B1C7F70002B0745 /* WeatherAppNewApp.swift */,
				61F977A02B1C7FD8002B0745 /* ViewModelWeatherApp.swift */,
				61F977982B1C7F73002B0745 /* WeatherAppNew.xcdatamodeld */,
				61F977912B1C7F73002B0745 /* Assets.xcassets */,
				61F977932B1C7F73002B0745 /* Preview Content */,
			);
			path = WeatherAppNew;
			sourceTree = "<group>";
		};
		61F977932B1C7F73002B0745 /* Preview Content */ = {
			isa = PBXGroup;
			children = (
				61F977942B1C7F73002B0745 /* Preview Assets.xcassets */,
			);
			path = "Preview Content";
			sourceTree = "<group>";
		};
		61F977A22B1C800E002B0745 /* model */ = {
			isa = PBXGroup;
			children = (
				61F977A32B1C803D002B0745 /* Model_WeatherApp.swift */,
			);
			path = model;
			sourceTree = "<group>";
		};
		61F977A52B1C8424002B0745 /* View */ = {
			isa = PBXGroup;
			children = (
				61F9778F2B1C7F70002B0745 /* ContentView.swift */,
				61F977A62B1C8450002B0745 /* WeatherView.swift */,
				61F977A82B1C8507002B0745 /* LocationStackView.swift */,
			);
			path = View;
			sourceTree = "<group>";
		};
/* End PBXGroup section */

/* Begin PBXNativeTarget section */
		61F977892B1C7F70002B0745 /* WeatherAppNew */ = {
			isa = PBXNativeTarget;
			buildConfigurationList = 61F9779D2B1C7F73002B0745 /* Build configuration list for PBXNativeTarget "WeatherAppNew" */;
			buildPhases = (
				61F977862B1C7F70002B0745 /* Sources */,
				61F977872B1C7F70002B0745 /* Frameworks */,
				61F977882B1C7F70002B0745 /* Resources */,
			);
			buildRules = (
			);
			dependencies = (
			);
			name = WeatherAppNew;
			productName = WeatherAppNew;
			productReference = 61F9778A2B1C7F70002B0745 /* WeatherAppNew.app */;
			productType = "com.apple.product-type.application";
		};
/* End PBXNativeTarget section */

/* Begin PBXProject section */
		61F977822B1C7F70002B0745 /* Project object */ = {
			isa = PBXProject;
			attributes = {
				BuildIndependentTargetsInParallel = 1;
				LastSwiftUpdateCheck = 1500;
				LastUpgradeCheck = 1500;
				TargetAttributes = {
					61F977892B1C7F70002B0745 = {
						CreatedOnToolsVersion = 15.0.1;
					};
				};
			};
			buildConfigurationList = 61F977852B1C7F70002B0745 /* Build configuration list for PBXProject "WeatherAppNew" */;
			compatibilityVersion = "Xcode 14.0";
			developmentRegion = en;
			hasScannedForEncodings = 0;
			knownRegions = (
				en,
				Base,
			);
			mainGroup = 61F977812B1C7F70002B0745;
			productRefGroup = 61F9778B2B1C7F70002B0745 /* Products */;
			projectDirPath = "";
			projectRoot = "";
			targets = (
				61F977892B1C7F70002B0745 /* WeatherAppNew */,
			);
		};
/* End PBXProject section */

/* Begin PBXResourcesBuildPhase section */
		61F977882B1C7F70002B0745 /* Resources */ = {
			isa = PBXResourcesBuildPhase;
			buildActionMask = 2147483647;
			files = (
				61F977952B1C7F73002B0745 /* Preview Assets.xcassets in Resources */,
				61F977922B1C7F73002B0745 /* Assets.xcassets in Resources */,
			);
			runOnlyForDeploymentPostprocessing = 0;
		};
/* End PBXResourcesBuildPhase section */

/* Begin PBXSourcesBuildPhase section */
		61F977862B1C7F70002B0745 /* Sources */ = {
			isa = PBXSourcesBuildPhase;
			buildActionMask = 2147483647;
			files = (
				61F9779A2B1C7F73002B0745 /* WeatherAppNew.xcdatamodeld in Sources */,
				61F977902B1C7F70002B0745 /* ContentView.swift in Sources */,
				61F977A12B1C7FD8002B0745 /* ViewModelWeatherApp.swift in Sources */,
				61F977A92B1C8507002B0745 /* LocationStackView.swift in Sources */,
				61F977A42B1C803D002B0745 /* Model_WeatherApp.swift in Sources */,
				61F977A72B1C8450002B0745 /* WeatherView.swift in Sources */,
				61F9778E2B1C7F70002B0745 /* WeatherAppNewApp.swift in Sources */,
			);
			runOnlyForDeploymentPostprocessing = 0;
		};
/* End PBXSourcesBuildPhase section */

/* Begin XCBuildConfiguration section */
		61F9779B2B1C7F73002B0745 /* Debug */ = {
			isa = XCBuildConfiguration;
			buildSettings = {
				ALWAYS_SEARCH_USER_PATHS = NO;
				ASSETCATALOG_COMPILER_GENERATE_SWIFT_ASSET_SYMBOL_EXTENSIONS = YES;
				CLANG_ANALYZER_NONNULL = YES;
				CLANG_ANALYZER_NUMBER_OBJECT_CONVERSION = YES_AGGRESSIVE;
				CLANG_CXX_LANGUAGE_STANDARD = "gnu++20";
				CLANG_ENABLE_MODULES = YES;
				CLANG_ENABLE_OBJC_ARC = YES;
				CLANG_ENABLE_OBJC_WEAK = YES;
				CLANG_WARN_BLOCK_CAPTURE_AUTORELEASING = YES;
				CLANG_WARN_BOOL_CONVERSION = YES;
				CLANG_WARN_COMMA = YES;
				CLANG_WARN_CONSTANT_CONVERSION = YES;
				CLANG_WARN_DEPRECATED_OBJC_IMPLEMENTATIONS = YES;
				CLANG_WARN_DIRECT_OBJC_ISA_USAGE = YES_ERROR;
				CLANG_WARN_DOCUMENTATION_COMMENTS = YES;
				CLANG_WARN_EMPTY_BODY = YES;
				CLANG_WARN_ENUM_CONVERSION = YES;
				CLANG_WARN_INFINITE_RECURSION = YES;
				CLANG_WARN_INT_CONVERSION = YES;
				CLANG_WARN_NON_LITERAL_NULL_CONVERSION = YES;
				CLANG_WARN_OBJC_IMPLICIT_RETAIN_SELF = YES;
				CLANG_WARN_OBJC_LITERAL_CONVERSION = YES;
				CLANG_WARN_OBJC_ROOT_CLASS = YES_ERROR;
				CLANG_WARN_QUOTED_INCLUDE_IN_FRAMEWORK_HEADER = YES;
				CLANG_WARN_RANGE_LOOP_ANALYSIS = YES;
				CLANG_WARN_STRICT_PROTOTYPES = YES;
				CLANG_WARN_SUSPICIOUS_MOVE = YES;
				CLANG_WARN_UNGUARDED_AVAILABILITY = YES_AGGRESSIVE;
				CLANG_WARN_UNREACHABLE_CODE = YES;
				CLANG_WARN__DUPLICATE_METHOD_MATCH = YES;
				COPY_PHASE_STRIP = NO;
				DEBUG_INFORMATION_FORMAT = dwarf;
				ENABLE_STRICT_OBJC_MSGSEND = YES;
				ENABLE_TESTABILITY = YES;
				ENABLE_USER_SCRIPT_SANDBOXING = YES;
				GCC_C_LANGUAGE_STANDARD = gnu17;
				GCC_DYNAMIC_NO_PIC = NO;
				GCC_NO_COMMON_BLOCKS = YES;
				GCC_OPTIMIZATION_LEVEL = 0;
				GCC_PREPROCESSOR_DEFINITIONS = (
					"DEBUG=1",
					"$(inherited)",
				);
				GCC_WARN_64_TO_32_BIT_CONVERSION = YES;
				GCC_WARN_ABOUT_RETURN_TYPE = YES_ERROR;
				GCC_WARN_UNDECLARED_SELECTOR = YES;
				GCC_WARN_UNINITIALIZED_AUTOS = YES_AGGRESSIVE;
				GCC_WARN_UNUSED_FUNCTION = YES;
				GCC_WARN_UNUSED_VARIABLE = YES;
				IPHONEOS_DEPLOYMENT_TARGET = 17.0;
				LOCALIZATION_PREFERS_STRING_CATALOGS = YES;
				MTL_ENABLE_DEBUG_INFO = INCLUDE_SOURCE;
				MTL_FAST_MATH = YES;
				ONLY_ACTIVE_ARCH = YES;
				SDKROOT = iphoneos;
				SWIFT_ACTIVE_COMPILATION_CONDITIONS = "DEBUG $(inherited)";
				SWIFT_OPTIMIZATION_LEVEL = "-Onone";
			};
			name = Debug;
		};
		61F9779C2B1C7F73002B0745 /* Release */ = {
			isa = XCBuildConfiguration;
			buildSettings = {
				ALWAYS_SEARCH_USER_PATHS = NO;
				ASSETCATALOG_COMPILER_GENERATE_SWIFT_ASSET_SYMBOL_EXTENSIONS = YES;
				CLANG_ANALYZER_NONNULL = YES;
				CLANG_ANALYZER_NUMBER_OBJECT_CONVERSION = YES_AGGRESSIVE;
				CLANG_CXX_LANGUAGE_STANDARD = "gnu++20";
				CLANG_ENABLE_MODULES = YES;
				CLANG_ENABLE_OBJC_ARC = YES;
				CLANG_ENABLE_OBJC_WEAK = YES;
				CLANG_WARN_BLOCK_CAPTURE_AUTORELEASING = YES;
				CLANG_WARN_BOOL_CONVERSION = YES;
				CLANG_WARN_COMMA = YES;
				CLANG_WARN_CONSTANT_CONVERSION = YES;
				CLANG_WARN_DEPRECATED_OBJC_IMPLEMENTATIONS = YES;
				CLANG_WARN_DIRECT_OBJC_ISA_USAGE = YES_ERROR;
				CLANG_WARN_DOCUMENTATION_COMMENTS = YES;
				CLANG_WARN_EMPTY_BODY = YES;
				CLANG_WARN_ENUM_CONVERSION = YES;
				CLANG_WARN_INFINITE_RECURSION = YES;
				CLANG_WARN_INT_CONVERSION = YES;
				CLANG_WARN_NON_LITERAL_NULL_CONVERSION = YES;
				CLANG_WARN_OBJC_IMPLICIT_RETAIN_SELF = YES;
				CLANG_WARN_OBJC_LITERAL_CONVERSION = YES;
				CLANG_WARN_OBJC_ROOT_CLASS = YES_ERROR;
				CLANG_WARN_QUOTED_INCLUDE_IN_FRAMEWORK_HEADER = YES;
				CLANG_WARN_RANGE_LOOP_ANALYSIS = YES;
				CLANG_WARN_STRICT_PROTOTYPES = YES;
				CLANG_WARN_SUSPICIOUS_MOVE = YES;
				CLANG_WARN_UNGUARDED_AVAILABILITY = YES_AGGRESSIVE;
				CLANG_WARN_UNREACHABLE_CODE = YES;
				CLANG_WARN__DUPLICATE_METHOD_MATCH = YES;
				COPY_PHASE_STRIP = NO;
				DEBUG_INFORMATION_FORMAT = "dwarf-with-dsym";
				ENABLE_NS_ASSERTIONS = NO;
				ENABLE_STRICT_OBJC_MSGSEND = YES;
				ENABLE_USER_SCRIPT_SANDBOXING = YES;
				GCC_C_LANGUAGE_STANDARD = gnu17;
				GCC_NO_COMMON_BLOCKS = YES;
				GCC_WARN_64_TO_32_BIT_CONVERSION = YES;
				GCC_WARN_ABOUT_RETURN_TYPE = YES_ERROR;
				GCC_WARN_UNDECLARED_SELECTOR = YES;
				GCC_WARN_UNINITIALIZED_AUTOS = YES_AGGRESSIVE;
				GCC_WARN_UNUSED_FUNCTION = YES;
				GCC_WARN_UNUSED_VARIABLE = YES;
				IPHONEOS_DEPLOYMENT_TARGET = 17.0;
				LOCALIZATION_PREFERS_STRING_CATALOGS = YES;
				MTL_ENABLE_DEBUG_INFO = NO;
				MTL_FAST_MATH = YES;
				SDKROOT = iphoneos;
				SWIFT_COMPILATION_MODE = wholemodule;
				VALIDATE_PRODUCT = YES;
			};
			name = Release;
		};
		61F9779E2B1C7F73002B0745 /* Debug */ = {
			isa = XCBuildConfiguration;
			buildSettings = {
				ASSETCATALOG_COMPILER_APPICON_NAME = AppIcon;
				ASSETCATALOG_COMPILER_GLOBAL_ACCENT_COLOR_NAME = AccentColor;
				CODE_SIGN_STYLE = Automatic;
				CURRENT_PROJECT_VERSION = 1;
				DEVELOPMENT_ASSET_PATHS = "\"WeatherAppNew/Preview Content\"";
				DEVELOPMENT_TEAM = WWUARKU4V8;
				ENABLE_PREVIEWS = YES;
				GENERATE_INFOPLIST_FILE = YES;
				INFOPLIST_KEY_UIApplicationSceneManifest_Generation = YES;
				INFOPLIST_KEY_UIApplicationSupportsIndirectInputEvents = YES;
				INFOPLIST_KEY_UILaunchScreen_Generation = YES;
				INFOPLIST_KEY_UISupportedInterfaceOrientations_iPad = "UIInterfaceOrientationPortrait UIInterfaceOrientationPortraitUpsideDown UIInterfaceOrientationLandscapeLeft UIInterfaceOrientationLandscapeRight";
				INFOPLIST_KEY_UISupportedInterfaceOrientations_iPhone = "UIInterfaceOrientationPortrait UIInterfaceOrientationLandscapeLeft UIInterfaceOrientationLandscapeRight";
				LD_RUNPATH_SEARCH_PATHS = (
					"$(inherited)",
					"@executable_path/Frameworks",
				);
				MARKETING_VERSION = 1.0;
				PRODUCT_BUNDLE_IDENTIFIER = kth.matholss.WeatherAppNew;
				PRODUCT_NAME = "$(TARGET_NAME)";
				SWIFT_EMIT_LOC_STRINGS = YES;
				SWIFT_VERSION = 5.0;
				TARGETED_DEVICE_FAMILY = "1,2";
			};
			name = Debug;
		};
		61F9779F2B1C7F73002B0745 /* Release */ = {
			isa = XCBuildConfiguration;
			buildSettings = {
				ASSETCATALOG_COMPILER_APPICON_NAME = AppIcon;
				ASSETCATALOG_COMPILER_GLOBAL_ACCENT_COLOR_NAME = AccentColor;
				CODE_SIGN_STYLE = Automatic;
				CURRENT_PROJECT_VERSION = 1;
				DEVELOPMENT_ASSET_PATHS = "\"WeatherAppNew/Preview Content\"";
				DEVELOPMENT_TEAM = WWUARKU4V8;
				ENABLE_PREVIEWS = YES;
				GENERATE_INFOPLIST_FILE = YES;
				INFOPLIST_KEY_UIApplicationSceneManifest_Generation = YES;
				INFOPLIST_KEY_UIApplicationSupportsIndirectInputEvents = YES;
				INFOPLIST_KEY_UILaunchScreen_Generation = YES;
				INFOPLIST_KEY_UISupportedInterfaceOrientations_iPad = "UIInterfaceOrientationPortrait UIInterfaceOrientationPortraitUpsideDown UIInterfaceOrientationLandscapeLeft UIInterfaceOrientationLandscapeRight";
				INFOPLIST_KEY_UISupportedInterfaceOrientations_iPhone = "UIInterfaceOrientationPortrait UIInterfaceOrientationLandscapeLeft UIInterfaceOrientationLandscapeRight";
				LD_RUNPATH_SEARCH_PATHS = (
					"$(inherited)",
					"@executable_path/Frameworks",
				);
				MARKETING_VERSION = 1.0;
				PRODUCT_BUNDLE_IDENTIFIER = kth.matholss.WeatherAppNew;
				PRODUCT_NAME = "$(TARGET_NAME)";
				SWIFT_EMIT_LOC_STRINGS = YES;
				SWIFT_VERSION = 5.0;
				TARGETED_DEVICE_FAMILY = "1,2";
			};
			name = Release;
		};
/* End XCBuildConfiguration section */

/* Begin XCConfigurationList section */
		61F977852B1C7F70002B0745 /* Build configuration list for PBXProject "WeatherAppNew" */ = {
			isa = XCConfigurationList;
			buildConfigurations = (
				61F9779B2B1C7F73002B0745 /* Debug */,
				61F9779C2B1C7F73002B0745 /* Release */,
			);
			defaultConfigurationIsVisible = 0;
			defaultConfigurationName = Release;
		};
		61F9779D2B1C7F73002B0745 /* Build configuration list for PBXNativeTarget "WeatherAppNew" */ = {
			isa = XCConfigurationList;
			buildConfigurations = (
				61F9779E2B1C7F73002B0745 /* Debug */,
				61F9779F2B1C7F73002B0745 /* Release */,
			);
			defaultConfigurationIsVisible = 0;
			defaultConfigurationName = Release;
		};
/* End XCConfigurationList section */

/* Begin XCVersionGroup section */
		61F977982B1C7F73002B0745 /* WeatherAppNew.xcdatamodeld */ = {
			isa = XCVersionGroup;
			children = (
				61F977992B1C7F73002B0745 /* WeatherAppNew.xcdatamodel */,
			);
			currentVersion = 61F977992B1C7F73002B0745 /* WeatherAppNew.xcdatamodel */;
			path = WeatherAppNew.xcdatamodeld;
			sourceTree = "<group>";
			versionGroupType = wrapper.xcdatamodel;
		};
/* End XCVersionGroup section */
	};
	rootObject = 61F977822B1C7F70002B0745 /* Project object */;
}
